// !$*UTF8*$!
{
	archiveVersion = 1;
	classes = {
	};
	objectVersion = 51;
	objects = {

/* Begin PBXBuildFile section */
		C582CA98271F33AF00C4F08F /* AppDelegate.swift in Sources */ = {isa = PBXBuildFile; fileRef = C582CA97271F33AF00C4F08F /* AppDelegate.swift */; };
		C582CAA1271F33B300C4F08F /* Assets.xcassets in Resources */ = {isa = PBXBuildFile; fileRef = C582CAA0271F33B300C4F08F /* Assets.xcassets */; };
		C582CAA4271F33B300C4F08F /* LaunchScreen.storyboard in Resources */ = {isa = PBXBuildFile; fileRef = C582CAA2271F33B300C4F08F /* LaunchScreen.storyboard */; };
		C582CAB1271F35F200C4F08F /* TrainingSeries.json in Resources */ = {isa = PBXBuildFile; fileRef = C582CAB0271F35F200C4F08F /* TrainingSeries.json */; };
		C582CAB3271F3A5500C4F08F /* ChallangeView.swift in Sources */ = {isa = PBXBuildFile; fileRef = C582CAB2271F3A5500C4F08F /* ChallangeView.swift */; };
		C582CAB6271F426C00C4F08F /* ChallangeModel.swift in Sources */ = {isa = PBXBuildFile; fileRef = C582CAB5271F426C00C4F08F /* ChallangeModel.swift */; };
		C582CAB8271F45DA00C4F08F /* JSONHandler.swift in Sources */ = {isa = PBXBuildFile; fileRef = C582CAB7271F45DA00C4F08F /* JSONHandler.swift */; };
		C582CABA271F47F900C4F08F /* ChallangeViewModel.swift in Sources */ = {isa = PBXBuildFile; fileRef = C582CAB9271F47F900C4F08F /* ChallangeViewModel.swift */; };
		C582CABD271F49D300C4F08F /* ChallanegDataSource.swift in Sources */ = {isa = PBXBuildFile; fileRef = C582CABC271F49D300C4F08F /* ChallanegDataSource.swift */; };
		DE15FD5885D5E21732543F9A /* Pods_AloMoves.framework in Frameworks */ = {isa = PBXBuildFile; fileRef = 7B05FC7AFAD85771656748D1 /* Pods_AloMoves.framework */; };
/* End PBXBuildFile section */

/* Begin PBXFileReference section */
		2093C0374F335AA02CE3CCEB /* Pods-AloMoves.release.xcconfig */ = {isa = PBXFileReference; includeInIndex = 1; lastKnownFileType = text.xcconfig; name = "Pods-AloMoves.release.xcconfig"; path = "Target Support Files/Pods-AloMoves/Pods-AloMoves.release.xcconfig"; sourceTree = "<group>"; };
		7B05FC7AFAD85771656748D1 /* Pods_AloMoves.framework */ = {isa = PBXFileReference; explicitFileType = wrapper.framework; includeInIndex = 0; path = Pods_AloMoves.framework; sourceTree = BUILT_PRODUCTS_DIR; };
		9AA52B8181439C7737E363E9 /* Pods-AloMoves.debug.xcconfig */ = {isa = PBXFileReference; includeInIndex = 1; lastKnownFileType = text.xcconfig; name = "Pods-AloMoves.debug.xcconfig"; path = "Target Support Files/Pods-AloMoves/Pods-AloMoves.debug.xcconfig"; sourceTree = "<group>"; };
		C582CA94271F33AF00C4F08F /* AloMoves.app */ = {isa = PBXFileReference; explicitFileType = wrapper.application; includeInIndex = 0; path = AloMoves.app; sourceTree = BUILT_PRODUCTS_DIR; };
		C582CA97271F33AF00C4F08F /* AppDelegate.swift */ = {isa = PBXFileReference; lastKnownFileType = sourcecode.swift; path = AppDelegate.swift; sourceTree = "<group>"; };
		C582CAA0271F33B300C4F08F /* Assets.xcassets */ = {isa = PBXFileReference; lastKnownFileType = folder.assetcatalog; path = Assets.xcassets; sourceTree = "<group>"; };
		C582CAA3271F33B300C4F08F /* Base */ = {isa = PBXFileReference; lastKnownFileType = file.storyboard; name = Base; path = Base.lproj/LaunchScreen.storyboard; sourceTree = "<group>"; };
		C582CAA5271F33B300C4F08F /* Info.plist */ = {isa = PBXFileReference; lastKnownFileType = text.plist.xml; path = Info.plist; sourceTree = "<group>"; };
		C582CAB0271F35F200C4F08F /* TrainingSeries.json */ = {isa = PBXFileReference; fileEncoding = 4; lastKnownFileType = text.json; path = TrainingSeries.json; sourceTree = "<group>"; };
		C582CAB2271F3A5500C4F08F /* ChallangeView.swift */ = {isa = PBXFileReference; lastKnownFileType = sourcecode.swift; path = ChallangeView.swift; sourceTree = "<group>"; };
		C582CAB5271F426C00C4F08F /* ChallangeModel.swift */ = {isa = PBXFileReference; lastKnownFileType = sourcecode.swift; path = ChallangeModel.swift; sourceTree = "<group>"; };
		C582CAB7271F45DA00C4F08F /* JSONHandler.swift */ = {isa = PBXFileReference; lastKnownFileType = sourcecode.swift; path = JSONHandler.swift; sourceTree = "<group>"; };
		C582CAB9271F47F900C4F08F /* ChallangeViewModel.swift */ = {isa = PBXFileReference; lastKnownFileType = sourcecode.swift; path = ChallangeViewModel.swift; sourceTree = "<group>"; };
		C582CABC271F49D300C4F08F /* ChallanegDataSource.swift */ = {isa = PBXFileReference; lastKnownFileType = sourcecode.swift; path = ChallanegDataSource.swift; sourceTree = "<group>"; };
/* End PBXFileReference section */

/* Begin PBXFrameworksBuildPhase section */
		C582CA91271F33AF00C4F08F /* Frameworks */ = {
			isa = PBXFrameworksBuildPhase;
			buildActionMask = 2147483647;
			files = (
				DE15FD5885D5E21732543F9A /* Pods_AloMoves.framework in Frameworks */,
			);
			runOnlyForDeploymentPostprocessing = 0;
		};
/* End PBXFrameworksBuildPhase section */

/* Begin PBXGroup section */
		06B1D2FB6EE5B4BF3D89B09E /* Frameworks */ = {
			isa = PBXGroup;
			children = (
				7B05FC7AFAD85771656748D1 /* Pods_AloMoves.framework */,
			);
			name = Frameworks;
			sourceTree = "<group>";
		};
		240690019BBA7283C3EB2976 /* Pods */ = {
			isa = PBXGroup;
			children = (
				9AA52B8181439C7737E363E9 /* Pods-AloMoves.debug.xcconfig */,
				2093C0374F335AA02CE3CCEB /* Pods-AloMoves.release.xcconfig */,
			);
			path = Pods;
			sourceTree = "<group>";
		};
		C582CA8B271F33AE00C4F08F = {
			isa = PBXGroup;
			children = (
				C582CA96271F33AF00C4F08F /* AloMoves */,
				C582CA95271F33AF00C4F08F /* Products */,
				240690019BBA7283C3EB2976 /* Pods */,
				06B1D2FB6EE5B4BF3D89B09E /* Frameworks */,
			);
			sourceTree = "<group>";
		};
		C582CA95271F33AF00C4F08F /* Products */ = {
			isa = PBXGroup;
			children = (
				C582CA94271F33AF00C4F08F /* AloMoves.app */,
			);
			name = Products;
			sourceTree = "<group>";
		};
		C582CA96271F33AF00C4F08F /* AloMoves */ = {
			isa = PBXGroup;
			children = (
				C582CAAF271F35B700C4F08F /* FakerJSON */,
				C582CAAE271F35A400C4F08F /* StoryBoards */,
				C582CAAC271F341E00C4F08F /* TheChallange */,
				C582CA97271F33AF00C4F08F /* AppDelegate.swift */,
				C582CAA0271F33B300C4F08F /* Assets.xcassets */,
				C582CAA5271F33B300C4F08F /* Info.plist */,
			);
			path = AloMoves;
			sourceTree = "<group>";
		};
		C582CAAB271F341300C4F08F /* View */ = {
			isa = PBXGroup;
			children = (
				C582CAB2271F3A5500C4F08F /* ChallangeView.swift */,
			);
			path = View;
			sourceTree = "<group>";
		};
		C582CAAC271F341E00C4F08F /* TheChallange */ = {
			isa = PBXGroup;
			children = (
				C582CABB271F47FE00C4F08F /* ViewModel */,
				C582CAB4271F425B00C4F08F /* Model */,
				C582CAAB271F341300C4F08F /* View */,
			);
			path = TheChallange;
			sourceTree = "<group>";
		};
		C582CAAE271F35A400C4F08F /* StoryBoards */ = {
			isa = PBXGroup;
			children = (
				C582CAA2271F33B300C4F08F /* LaunchScreen.storyboard */,
			);
			path = StoryBoards;
			sourceTree = "<group>";
		};
		C582CAAF271F35B700C4F08F /* FakerJSON */ = {
			isa = PBXGroup;
			children = (
				C582CAB0271F35F200C4F08F /* TrainingSeries.json */,
			);
			path = FakerJSON;
			sourceTree = "<group>";
		};
		C582CAB4271F425B00C4F08F /* Model */ = {
			isa = PBXGroup;
			children = (
				C582CAB5271F426C00C4F08F /* ChallangeModel.swift */,
				C582CAB7271F45DA00C4F08F /* JSONHandler.swift */,
				C582CABC271F49D300C4F08F /* ChallanegDataSource.swift */,
			);
			path = Model;
			sourceTree = "<group>";
		};
		C582CABB271F47FE00C4F08F /* ViewModel */ = {
			isa = PBXGroup;
			children = (
				C582CAB9271F47F900C4F08F /* ChallangeViewModel.swift */,
			);
			path = ViewModel;
			sourceTree = "<group>";
		};
/* End PBXGroup section */

/* Begin PBXNativeTarget section */
		C582CA93271F33AF00C4F08F /* AloMoves */ = {
			isa = PBXNativeTarget;
			buildConfigurationList = C582CAA8271F33B300C4F08F /* Build configuration list for PBXNativeTarget "AloMoves" */;
			buildPhases = (
				2B367D2AF3AF229042CCF64B /* [CP] Check Pods Manifest.lock */,
				C582CA90271F33AF00C4F08F /* Sources */,
				C582CA91271F33AF00C4F08F /* Frameworks */,
				C582CA92271F33AF00C4F08F /* Resources */,
				4222CA532A52D94A2174229B /* [CP] Embed Pods Frameworks */,
			);
			buildRules = (
			);
			dependencies = (
			);
			name = AloMoves;
			productName = AloMoves;
			productReference = C582CA94271F33AF00C4F08F /* AloMoves.app */;
			productType = "com.apple.product-type.application";
		};
/* End PBXNativeTarget section */

/* Begin PBXProject section */
		C582CA8C271F33AE00C4F08F /* Project object */ = {
			isa = PBXProject;
			attributes = {
				LastSwiftUpdateCheck = 1250;
				LastUpgradeCheck = 1250;
				TargetAttributes = {
					C582CA93271F33AF00C4F08F = {
						CreatedOnToolsVersion = 12.5;
					};
				};
			};
			buildConfigurationList = C582CA8F271F33AE00C4F08F /* Build configuration list for PBXProject "AloMoves" */;
			compatibilityVersion = "Xcode 9.3";
			developmentRegion = en;
			hasScannedForEncodings = 0;
			knownRegions = (
				en,
				Base,
			);
			mainGroup = C582CA8B271F33AE00C4F08F;
			productRefGroup = C582CA95271F33AF00C4F08F /* Products */;
			projectDirPath = "";
			projectRoot = "";
			targets = (
				C582CA93271F33AF00C4F08F /* AloMoves */,
			);
		};
/* End PBXProject section */

/* Begin PBXResourcesBuildPhase section */
		C582CA92271F33AF00C4F08F /* Resources */ = {
			isa = PBXResourcesBuildPhase;
			buildActionMask = 2147483647;
			files = (
				C582CAA4271F33B300C4F08F /* LaunchScreen.storyboard in Resources */,
				C582CAA1271F33B300C4F08F /* Assets.xcassets in Resources */,
				C582CAB1271F35F200C4F08F /* TrainingSeries.json in Resources */,
			);
			runOnlyForDeploymentPostprocessing = 0;
		};
/* End PBXResourcesBuildPhase section */

/* Begin PBXShellScriptBuildPhase section */
		2B367D2AF3AF229042CCF64B /* [CP] Check Pods Manifest.lock */ = {
			isa = PBXShellScriptBuildPhase;
			buildActionMask = 2147483647;
			files = (
			);
			inputFileListPaths = (
			);
			inputPaths = (
				"${PODS_PODFILE_DIR_PATH}/Podfile.lock",
				"${PODS_ROOT}/Manifest.lock",
			);
			name = "[CP] Check Pods Manifest.lock";
			outputFileListPaths = (
			);
			outputPaths = (
				"$(DERIVED_FILE_DIR)/Pods-AloMoves-checkManifestLockResult.txt",
			);
			runOnlyForDeploymentPostprocessing = 0;
			shellPath = /bin/sh;
			shellScript = "diff \"${PODS_PODFILE_DIR_PATH}/Podfile.lock\" \"${PODS_ROOT}/Manifest.lock\" > /dev/null\nif [ $? != 0 ] ; then\n    # print error to STDERR\n    echo \"error: The sandbox is not in sync with the Podfile.lock. Run 'pod install' or update your CocoaPods installation.\" >&2\n    exit 1\nfi\n# This output is used by Xcode 'outputs' to avoid re-running this script phase.\necho \"SUCCESS\" > \"${SCRIPT_OUTPUT_FILE_0}\"\n";
			showEnvVarsInLog = 0;
		};
		4222CA532A52D94A2174229B /* [CP] Embed Pods Frameworks */ = {
			isa = PBXShellScriptBuildPhase;
			buildActionMask = 2147483647;
			files = (
			);
			inputFileListPaths = (
				"${PODS_ROOT}/Target Support Files/Pods-AloMoves/Pods-AloMoves-frameworks-${CONFIGURATION}-input-files.xcfilelist",
			);
			name = "[CP] Embed Pods Frameworks";
			outputFileListPaths = (
				"${PODS_ROOT}/Target Support Files/Pods-AloMoves/Pods-AloMoves-frameworks-${CONFIGURATION}-output-files.xcfilelist",
			);
			runOnlyForDeploymentPostprocessing = 0;
			shellPath = /bin/sh;
			shellScript = "\"${PODS_ROOT}/Target Support Files/Pods-AloMoves/Pods-AloMoves-frameworks.sh\"\n";
			showEnvVarsInLog = 0;
		};
/* End PBXShellScriptBuildPhase section */

/* Begin PBXSourcesBuildPhase section */
		C582CA90271F33AF00C4F08F /* Sources */ = {
			isa = PBXSourcesBuildPhase;
			buildActionMask = 2147483647;
			files = (
				C582CAB8271F45DA00C4F08F /* JSONHandler.swift in Sources */,
				C582CA98271F33AF00C4F08F /* AppDelegate.swift in Sources */,
				C582CAB6271F426C00C4F08F /* ChallangeModel.swift in Sources */,
				C582CABA271F47F900C4F08F /* ChallangeViewModel.swift in Sources */,
				C582CABD271F49D300C4F08F /* ChallanegDataSource.swift in Sources */,
				C582CAB3271F3A5500C4F08F /* ChallangeView.swift in Sources */,
			);
			runOnlyForDeploymentPostprocessing = 0;
		};
/* End PBXSourcesBuildPhase section */

/* Begin PBXVariantGroup section */
		C582CAA2271F33B300C4F08F /* LaunchScreen.storyboard */ = {
			isa = PBXVariantGroup;
			children = (
				C582CAA3271F33B300C4F08F /* Base */,
			);
			name = LaunchScreen.storyboard;
			sourceTree = "<group>";
		};
/* End PBXVariantGroup section */

/* Begin XCBuildConfiguration section */
		C582CAA6271F33B300C4F08F /* Debug */ = {
			isa = XCBuildConfiguration;
			buildSettings = {
				ALWAYS_SEARCH_USER_PATHS = NO;
				CLANG_ANALYZER_NONNULL = YES;
				CLANG_ANALYZER_NUMBER_OBJECT_CONVERSION = YES_AGGRESSIVE;
				CLANG_CXX_LANGUAGE_STANDARD = "gnu++14";
				CLANG_CXX_LIBRARY = "libc++";
				CLANG_ENABLE_MODULES = YES;
				CLANG_ENABLE_OBJC_ARC = YES;
				CLANG_ENABLE_OBJC_WEAK = YES;
				CLANG_WARN_BLOCK_CAPTURE_AUTORELEASING = YES;
				CLANG_WARN_BOOL_CONVERSION = YES;
				CLANG_WARN_COMMA = YES;
				CLANG_WARN_CONSTANT_CONVERSION = YES;
				CLANG_WARN_DEPRECATED_OBJC_IMPLEMENTATIONS = YES;
				CLANG_WARN_DIRECT_OBJC_ISA_USAGE = YES_ERROR;
				CLANG_WARN_DOCUMENTATION_COMMENTS = YES;
				CLANG_WARN_EMPTY_BODY = YES;
				CLANG_WARN_ENUM_CONVERSION = YES;
				CLANG_WARN_INFINITE_RECURSION = YES;
				CLANG_WARN_INT_CONVERSION = YES;
				CLANG_WARN_NON_LITERAL_NULL_CONVERSION = YES;
				CLANG_WARN_OBJC_IMPLICIT_RETAIN_SELF = YES;
				CLANG_WARN_OBJC_LITERAL_CONVERSION = YES;
				CLANG_WARN_OBJC_ROOT_CLASS = YES_ERROR;
				CLANG_WARN_QUOTED_INCLUDE_IN_FRAMEWORK_HEADER = YES;
				CLANG_WARN_RANGE_LOOP_ANALYSIS = YES;
				CLANG_WARN_STRICT_PROTOTYPES = YES;
				CLANG_WARN_SUSPICIOUS_MOVE = YES;
				CLANG_WARN_UNGUARDED_AVAILABILITY = YES_AGGRESSIVE;
				CLANG_WARN_UNREACHABLE_CODE = YES;
				CLANG_WARN__DUPLICATE_METHOD_MATCH = YES;
				COPY_PHASE_STRIP = NO;
				DEBUG_INFORMATION_FORMAT = dwarf;
				ENABLE_STRICT_OBJC_MSGSEND = YES;
				ENABLE_TESTABILITY = YES;
				GCC_C_LANGUAGE_STANDARD = gnu11;
				GCC_DYNAMIC_NO_PIC = NO;
				GCC_NO_COMMON_BLOCKS = YES;
				GCC_OPTIMIZATION_LEVEL = 0;
				GCC_PREPROCESSOR_DEFINITIONS = (
					"DEBUG=1",
					"$(inherited)",
				);
				GCC_WARN_64_TO_32_BIT_CONVERSION = YES;
				GCC_WARN_ABOUT_RETURN_TYPE = YES_ERROR;
				GCC_WARN_UNDECLARED_SELECTOR = YES;
				GCC_WARN_UNINITIALIZED_AUTOS = YES_AGGRESSIVE;
				GCC_WARN_UNUSED_FUNCTION = YES;
				GCC_WARN_UNUSED_VARIABLE = YES;
				IPHONEOS_DEPLOYMENT_TARGET = 13.0;
				MTL_ENABLE_DEBUG_INFO = INCLUDE_SOURCE;
				MTL_FAST_MATH = YES;
				ONLY_ACTIVE_ARCH = YES;
				SDKROOT = iphoneos;
				SWIFT_ACTIVE_COMPILATION_CONDITIONS = DEBUG;
				SWIFT_OPTIMIZATION_LEVEL = "-Onone";
			};
			name = Debug;
		};
		C582CAA7271F33B300C4F08F /* Release */ = {
			isa = XCBuildConfiguration;
			buildSettings = {
				ALWAYS_SEARCH_USER_PATHS = NO;
				CLANG_ANALYZER_NONNULL = YES;
				CLANG_ANALYZER_NUMBER_OBJECT_CONVERSION = YES_AGGRESSIVE;
				CLANG_CXX_LANGUAGE_STANDARD = "gnu++14";
				CLANG_CXX_LIBRARY = "libc++";
				CLANG_ENABLE_MODULES = YES;
				CLANG_ENABLE_OBJC_ARC = YES;
				CLANG_ENABLE_OBJC_WEAK = YES;
				CLANG_WARN_BLOCK_CAPTURE_AUTORELEASING = YES;
				CLANG_WARN_BOOL_CONVERSION = YES;
				CLANG_WARN_COMMA = YES;
				CLANG_WARN_CONSTANT_CONVERSION = YES;
				CLANG_WARN_DEPRECATED_OBJC_IMPLEMENTATIONS = YES;
				CLANG_WARN_DIRECT_OBJC_ISA_USAGE = YES_ERROR;
				CLANG_WARN_DOCUMENTATION_COMMENTS = YES;
				CLANG_WARN_EMPTY_BODY = YES;
				CLANG_WARN_ENUM_CONVERSION = YES;
				CLANG_WARN_INFINITE_RECURSION = YES;
				CLANG_WARN_INT_CONVERSION = YES;
				CLANG_WARN_NON_LITERAL_NULL_CONVERSION = YES;
				CLANG_WARN_OBJC_IMPLICIT_RETAIN_SELF = YES;
				CLANG_WARN_OBJC_LITERAL_CONVERSION = YES;
				CLANG_WARN_OBJC_ROOT_CLASS = YES_ERROR;
				CLANG_WARN_QUOTED_INCLUDE_IN_FRAMEWORK_HEADER = YES;
				CLANG_WARN_RANGE_LOOP_ANALYSIS = YES;
				CLANG_WARN_STRICT_PROTOTYPES = YES;
				CLANG_WARN_SUSPICIOUS_MOVE = YES;
				CLANG_WARN_UNGUARDED_AVAILABILITY = YES_AGGRESSIVE;
				CLANG_WARN_UNREACHABLE_CODE = YES;
				CLANG_WARN__DUPLICATE_METHOD_MATCH = YES;
				COPY_PHASE_STRIP = NO;
				DEBUG_INFORMATION_FORMAT = "dwarf-with-dsym";
				ENABLE_NS_ASSERTIONS = NO;
				ENABLE_STRICT_OBJC_MSGSEND = YES;
				GCC_C_LANGUAGE_STANDARD = gnu11;
				GCC_NO_COMMON_BLOCKS = YES;
				GCC_WARN_64_TO_32_BIT_CONVERSION = YES;
				GCC_WARN_ABOUT_RETURN_TYPE = YES_ERROR;
				GCC_WARN_UNDECLARED_SELECTOR = YES;
				GCC_WARN_UNINITIALIZED_AUTOS = YES_AGGRESSIVE;
				GCC_WARN_UNUSED_FUNCTION = YES;
				GCC_WARN_UNUSED_VARIABLE = YES;
				IPHONEOS_DEPLOYMENT_TARGET = 13.0;
				MTL_ENABLE_DEBUG_INFO = NO;
				MTL_FAST_MATH = YES;
				SDKROOT = iphoneos;
				SWIFT_COMPILATION_MODE = wholemodule;
				SWIFT_OPTIMIZATION_LEVEL = "-O";
				VALIDATE_PRODUCT = YES;
			};
			name = Release;
		};
		C582CAA9271F33B300C4F08F /* Debug */ = {
			isa = XCBuildConfiguration;
			baseConfigurationReference = 9AA52B8181439C7737E363E9 /* Pods-AloMoves.debug.xcconfig */;
			buildSettings = {
				ASSETCATALOG_COMPILER_APPICON_NAME = AppIcon;
				ASSETCATALOG_COMPILER_GLOBAL_ACCENT_COLOR_NAME = AccentColor;
				CODE_SIGN_STYLE = Automatic;
				DEVELOPMENT_TEAM = X43UT553Y2;
				INFOPLIST_FILE = AloMoves/Info.plist;
				LD_RUNPATH_SEARCH_PATHS = (
					"$(inherited)",
					"@executable_path/Frameworks",
				);
				PRODUCT_BUNDLE_IDENTIFIER = amr.ali.AloMoves.AloMoves;
				PRODUCT_NAME = "$(TARGET_NAME)";
				SWIFT_VERSION = 5.0;
				TARGETED_DEVICE_FAMILY = "1,2";
			};
			name = Debug;
		};
		C582CAAA271F33B300C4F08F /* Release */ = {
			isa = XCBuildConfiguration;
			baseConfigurationReference = 2093C0374F335AA02CE3CCEB /* Pods-AloMoves.release.xcconfig */;
			buildSettings = {
				ASSETCATALOG_COMPILER_APPICON_NAME = AppIcon;
				ASSETCATALOG_COMPILER_GLOBAL_ACCENT_COLOR_NAME = AccentColor;
				CODE_SIGN_STYLE = Automatic;
				DEVELOPMENT_TEAM = X43UT553Y2;
				INFOPLIST_FILE = AloMoves/Info.plist;
				LD_RUNPATH_SEARCH_PATHS = (
					"$(inherited)",
					"@executable_path/Frameworks",
				);
				PRODUCT_BUNDLE_IDENTIFIER = amr.ali.AloMoves.AloMoves;
				PRODUCT_NAME = "$(TARGET_NAME)";
				SWIFT_VERSION = 5.0;
				TARGETED_DEVICE_FAMILY = "1,2";
			};
			name = Release;
		};
/* End XCBuildConfiguration section */

/* Begin XCConfigurationList section */
		C582CA8F271F33AE00C4F08F /* Build configuration list for PBXProject "AloMoves" */ = {
			isa = XCConfigurationList;
			buildConfigurations = (
				C582CAA6271F33B300C4F08F /* Debug */,
				C582CAA7271F33B300C4F08F /* Release */,
			);
			defaultConfigurationIsVisible = 0;
			defaultConfigurationName = Release;
		};
		C582CAA8271F33B300C4F08F /* Build configuration list for PBXNativeTarget "AloMoves" */ = {
			isa = XCConfigurationList;
			buildConfigurations = (
				C582CAA9271F33B300C4F08F /* Debug */,
				C582CAAA271F33B300C4F08F /* Release */,
			);
			defaultConfigurationIsVisible = 0;
			defaultConfigurationName = Release;
		};
/* End XCConfigurationList section */
	};
	rootObject = C582CA8C271F33AE00C4F08F /* Project object */;
}
